// !$*UTF8*$!
{
	archiveVersion = 1;
	classes = {
	};
	objectVersion = 55;
	objects = {

/* Begin PBXBuildFile section */
		D84D880D27D24200009B266B /* ReminderListViewController.swift in Sources */ = {isa = PBXBuildFile; fileRef = D84D880C27D24200009B266B /* ReminderListViewController.swift */; };
		D850150A27C8660000A47757 /* AppDelegate.swift in Sources */ = {isa = PBXBuildFile; fileRef = D850150927C8660000A47757 /* AppDelegate.swift */; };
		D850150C27C8660000A47757 /* SceneDelegate.swift in Sources */ = {isa = PBXBuildFile; fileRef = D850150B27C8660000A47757 /* SceneDelegate.swift */; };
		D850150E27C8660000A47757 /* l_ReminderListViewController.swift in Sources */ = {isa = PBXBuildFile; fileRef = D850150D27C8660000A47757 /* l_ReminderListViewController.swift */; };
		D850151127C8660000A47757 /* Main.storyboard in Resources */ = {isa = PBXBuildFile; fileRef = D850150F27C8660000A47757 /* Main.storyboard */; };
		D850151327C8660000A47757 /* Assets.xcassets in Resources */ = {isa = PBXBuildFile; fileRef = D850151227C8660000A47757 /* Assets.xcassets */; };
		D850151627C8660000A47757 /* LaunchScreen.storyboard in Resources */ = {isa = PBXBuildFile; fileRef = D850151427C8660000A47757 /* LaunchScreen.storyboard */; };
		D850152127C8660100A47757 /* TodayTests.swift in Sources */ = {isa = PBXBuildFile; fileRef = D850152027C8660100A47757 /* TodayTests.swift */; };
		D850152B27C8660100A47757 /* TodayUITests.swift in Sources */ = {isa = PBXBuildFile; fileRef = D850152A27C8660100A47757 /* TodayUITests.swift */; };
		D850152D27C8660100A47757 /* TodayUITestsLaunchTests.swift in Sources */ = {isa = PBXBuildFile; fileRef = D850152C27C8660100A47757 /* TodayUITestsLaunchTests.swift */; };
		D850153A27C8685000A47757 /* l_Reminder.swift in Sources */ = {isa = PBXBuildFile; fileRef = D850153927C8685000A47757 /* l_Reminder.swift */; };
		D850153E27C89D6D00A47757 /* l_ReminderListCell.swift in Sources */ = {isa = PBXBuildFile; fileRef = D850153D27C89D6D00A47757 /* l_ReminderListCell.swift */; };
		D850154227CA2B3900A47757 /* l_ReminderDetailViewController.swift in Sources */ = {isa = PBXBuildFile; fileRef = D850154127CA2B3900A47757 /* l_ReminderDetailViewController.swift */; };
		D850154427CC94D800A47757 /* l_ReminderListDateSource.swift in Sources */ = {isa = PBXBuildFile; fileRef = D850154327CC94D800A47757 /* l_ReminderListDateSource.swift */; };
		D850155E27D10C7F00A47757 /* Reminder.swift in Sources */ = {isa = PBXBuildFile; fileRef = D850155D27D10C7F00A47757 /* Reminder.swift */; };
/* End PBXBuildFile section */

/* Begin PBXContainerItemProxy section */
		D850151D27C8660100A47757 /* PBXContainerItemProxy */ = {
			isa = PBXContainerItemProxy;
			containerPortal = D85014FE27C8660000A47757 /* Project object */;
			proxyType = 1;
			remoteGlobalIDString = D850150527C8660000A47757;
			remoteInfo = Today;
		};
		D850152727C8660100A47757 /* PBXContainerItemProxy */ = {
			isa = PBXContainerItemProxy;
			containerPortal = D85014FE27C8660000A47757 /* Project object */;
			proxyType = 1;
			remoteGlobalIDString = D850150527C8660000A47757;
			remoteInfo = Today;
		};
/* End PBXContainerItemProxy section */

/* Begin PBXFileReference section */
		D84D880C27D24200009B266B /* ReminderListViewController.swift */ = {isa = PBXFileReference; lastKnownFileType = sourcecode.swift; path = ReminderListViewController.swift; sourceTree = "<group>"; };
		D850150627C8660000A47757 /* Today.app */ = {isa = PBXFileReference; explicitFileType = wrapper.application; includeInIndex = 0; path = Today.app; sourceTree = BUILT_PRODUCTS_DIR; };
		D850150927C8660000A47757 /* AppDelegate.swift */ = {isa = PBXFileReference; lastKnownFileType = sourcecode.swift; path = AppDelegate.swift; sourceTree = "<group>"; };
		D850150B27C8660000A47757 /* SceneDelegate.swift */ = {isa = PBXFileReference; lastKnownFileType = sourcecode.swift; path = SceneDelegate.swift; sourceTree = "<group>"; };
		D850150D27C8660000A47757 /* l_ReminderListViewController.swift */ = {isa = PBXFileReference; lastKnownFileType = sourcecode.swift; path = l_ReminderListViewController.swift; sourceTree = "<group>"; };
		D850151027C8660000A47757 /* Base */ = {isa = PBXFileReference; lastKnownFileType = file.storyboard; name = Base; path = Base.lproj/Main.storyboard; sourceTree = "<group>"; };
		D850151227C8660000A47757 /* Assets.xcassets */ = {isa = PBXFileReference; lastKnownFileType = folder.assetcatalog; path = Assets.xcassets; sourceTree = "<group>"; };
		D850151527C8660000A47757 /* Base */ = {isa = PBXFileReference; lastKnownFileType = file.storyboard; name = Base; path = Base.lproj/LaunchScreen.storyboard; sourceTree = "<group>"; };
		D850151727C8660000A47757 /* Info.plist */ = {isa = PBXFileReference; lastKnownFileType = text.plist.xml; path = Info.plist; sourceTree = "<group>"; };
		D850151C27C8660100A47757 /* TodayTests.xctest */ = {isa = PBXFileReference; explicitFileType = wrapper.cfbundle; includeInIndex = 0; path = TodayTests.xctest; sourceTree = BUILT_PRODUCTS_DIR; };
		D850152027C8660100A47757 /* TodayTests.swift */ = {isa = PBXFileReference; lastKnownFileType = sourcecode.swift; path = TodayTests.swift; sourceTree = "<group>"; };
		D850152627C8660100A47757 /* TodayUITests.xctest */ = {isa = PBXFileReference; explicitFileType = wrapper.cfbundle; includeInIndex = 0; path = TodayUITests.xctest; sourceTree = BUILT_PRODUCTS_DIR; };
		D850152A27C8660100A47757 /* TodayUITests.swift */ = {isa = PBXFileReference; lastKnownFileType = sourcecode.swift; path = TodayUITests.swift; sourceTree = "<group>"; };
		D850152C27C8660100A47757 /* TodayUITestsLaunchTests.swift */ = {isa = PBXFileReference; lastKnownFileType = sourcecode.swift; path = TodayUITestsLaunchTests.swift; sourceTree = "<group>"; };
		D850153927C8685000A47757 /* l_Reminder.swift */ = {isa = PBXFileReference; lastKnownFileType = sourcecode.swift; path = l_Reminder.swift; sourceTree = "<group>"; };
		D850153D27C89D6D00A47757 /* l_ReminderListCell.swift */ = {isa = PBXFileReference; lastKnownFileType = sourcecode.swift; path = l_ReminderListCell.swift; sourceTree = "<group>"; };
		D850154127CA2B3900A47757 /* l_ReminderDetailViewController.swift */ = {isa = PBXFileReference; lastKnownFileType = sourcecode.swift; path = l_ReminderDetailViewController.swift; sourceTree = "<group>"; };
		D850154327CC94D800A47757 /* l_ReminderListDateSource.swift */ = {isa = PBXFileReference; lastKnownFileType = sourcecode.swift; path = l_ReminderListDateSource.swift; sourceTree = "<group>"; };
		D850155D27D10C7F00A47757 /* Reminder.swift */ = {isa = PBXFileReference; lastKnownFileType = sourcecode.swift; path = Reminder.swift; sourceTree = "<group>"; };
/* End PBXFileReference section */

/* Begin PBXFrameworksBuildPhase section */
		D850150327C8660000A47757 /* Frameworks */ = {
			isa = PBXFrameworksBuildPhase;
			buildActionMask = 2147483647;
			files = (
			);
			runOnlyForDeploymentPostprocessing = 0;
		};
		D850151927C8660100A47757 /* Frameworks */ = {
			isa = PBXFrameworksBuildPhase;
			buildActionMask = 2147483647;
			files = (
			);
			runOnlyForDeploymentPostprocessing = 0;
		};
		D850152327C8660100A47757 /* Frameworks */ = {
			isa = PBXFrameworksBuildPhase;
			buildActionMask = 2147483647;
			files = (
			);
			runOnlyForDeploymentPostprocessing = 0;
		};
/* End PBXFrameworksBuildPhase section */

/* Begin PBXGroup section */
		D85014FD27C8660000A47757 = {
			isa = PBXGroup;
			children = (
				D850150827C8660000A47757 /* Today */,
				D850151F27C8660100A47757 /* TodayTests */,
				D850152927C8660100A47757 /* TodayUITests */,
				D850150727C8660000A47757 /* Products */,
			);
			sourceTree = "<group>";
		};
		D850150727C8660000A47757 /* Products */ = {
			isa = PBXGroup;
			children = (
				D850150627C8660000A47757 /* Today.app */,
				D850151C27C8660100A47757 /* TodayTests.xctest */,
				D850152627C8660100A47757 /* TodayUITests.xctest */,
			);
			name = Products;
			sourceTree = "<group>";
		};
		D850150827C8660000A47757 /* Today */ = {
			isa = PBXGroup;
			children = (
				D850155C27D10C6500A47757 /* Models */,
				D850155B27D10BFC00A47757 /* lastGuide_TableView */,
				D850150927C8660000A47757 /* AppDelegate.swift */,
				D850150B27C8660000A47757 /* SceneDelegate.swift */,
				D84D880C27D24200009B266B /* ReminderListViewController.swift */,
				D850150F27C8660000A47757 /* Main.storyboard */,
				D850151227C8660000A47757 /* Assets.xcassets */,
				D850151427C8660000A47757 /* LaunchScreen.storyboard */,
				D850151727C8660000A47757 /* Info.plist */,
			);
			path = Today;
			sourceTree = "<group>";
		};
		D850151F27C8660100A47757 /* TodayTests */ = {
			isa = PBXGroup;
			children = (
				D850152027C8660100A47757 /* TodayTests.swift */,
			);
			path = TodayTests;
			sourceTree = "<group>";
		};
		D850152927C8660100A47757 /* TodayUITests */ = {
			isa = PBXGroup;
			children = (
				D850152A27C8660100A47757 /* TodayUITests.swift */,
				D850152C27C8660100A47757 /* TodayUITestsLaunchTests.swift */,
			);
			path = TodayUITests;
			sourceTree = "<group>";
		};
		D850153B27C8685A00A47757 /* model */ = {
			isa = PBXGroup;
			children = (
				D850153927C8685000A47757 /* l_Reminder.swift */,
				D850154327CC94D800A47757 /* l_ReminderListDateSource.swift */,
			);
			path = model;
			sourceTree = "<group>";
		};
		D850153C27C89D5F00A47757 /* controller */ = {
			isa = PBXGroup;
			children = (
				D850150D27C8660000A47757 /* l_ReminderListViewController.swift */,
				D850153D27C89D6D00A47757 /* l_ReminderListCell.swift */,
				D850154127CA2B3900A47757 /* l_ReminderDetailViewController.swift */,
			);
			path = controller;
			sourceTree = "<group>";
		};
		D850155B27D10BFC00A47757 /* lastGuide_TableView */ = {
			isa = PBXGroup;
			children = (
				D850153C27C89D5F00A47757 /* controller */,
				D850153B27C8685A00A47757 /* model */,
			);
			path = lastGuide_TableView;
			sourceTree = "<group>";
		};
		D850155C27D10C6500A47757 /* Models */ = {
			isa = PBXGroup;
			children = (
				D850155D27D10C7F00A47757 /* Reminder.swift */,
			);
			path = Models;
			sourceTree = "<group>";
		};
/* End PBXGroup section */

/* Begin PBXNativeTarget section */
		D850150527C8660000A47757 /* Today */ = {
			isa = PBXNativeTarget;
			buildConfigurationList = D850153027C8660100A47757 /* Build configuration list for PBXNativeTarget "Today" */;
			buildPhases = (
				D850150227C8660000A47757 /* Sources */,
				D850150327C8660000A47757 /* Frameworks */,
				D850150427C8660000A47757 /* Resources */,
			);
			buildRules = (
			);
			dependencies = (
			);
			name = Today;
			productName = Today;
			productReference = D850150627C8660000A47757 /* Today.app */;
			productType = "com.apple.product-type.application";
		};
		D850151B27C8660100A47757 /* TodayTests */ = {
			isa = PBXNativeTarget;
			buildConfigurationList = D850153327C8660100A47757 /* Build configuration list for PBXNativeTarget "TodayTests" */;
			buildPhases = (
				D850151827C8660100A47757 /* Sources */,
				D850151927C8660100A47757 /* Frameworks */,
				D850151A27C8660100A47757 /* Resources */,
			);
			buildRules = (
			);
			dependencies = (
				D850151E27C8660100A47757 /* PBXTargetDependency */,
			);
			name = TodayTests;
			productName = TodayTests;
			productReference = D850151C27C8660100A47757 /* TodayTests.xctest */;
			productType = "com.apple.product-type.bundle.unit-test";
		};
		D850152527C8660100A47757 /* TodayUITests */ = {
			isa = PBXNativeTarget;
			buildConfigurationList = D850153627C8660100A47757 /* Build configuration list for PBXNativeTarget "TodayUITests" */;
			buildPhases = (
				D850152227C8660100A47757 /* Sources */,
				D850152327C8660100A47757 /* Frameworks */,
				D850152427C8660100A47757 /* Resources */,
			);
			buildRules = (
			);
			dependencies = (
				D850152827C8660100A47757 /* PBXTargetDependency */,
			);
			name = TodayUITests;
			productName = TodayUITests;
			productReference = D850152627C8660100A47757 /* TodayUITests.xctest */;
			productType = "com.apple.product-type.bundle.ui-testing";
		};
/* End PBXNativeTarget section */

/* Begin PBXProject section */
		D85014FE27C8660000A47757 /* Project object */ = {
			isa = PBXProject;
			attributes = {
				BuildIndependentTargetsInParallel = 1;
				LastSwiftUpdateCheck = 1310;
				LastUpgradeCheck = 1310;
				TargetAttributes = {
					D850150527C8660000A47757 = {
						CreatedOnToolsVersion = 13.1;
					};
					D850151B27C8660100A47757 = {
						CreatedOnToolsVersion = 13.1;
						TestTargetID = D850150527C8660000A47757;
					};
					D850152527C8660100A47757 = {
						CreatedOnToolsVersion = 13.1;
						TestTargetID = D850150527C8660000A47757;
					};
				};
			};
			buildConfigurationList = D850150127C8660000A47757 /* Build configuration list for PBXProject "Today" */;
			compatibilityVersion = "Xcode 13.0";
			developmentRegion = en;
			hasScannedForEncodings = 0;
			knownRegions = (
				en,
				Base,
			);
			mainGroup = D85014FD27C8660000A47757;
			productRefGroup = D850150727C8660000A47757 /* Products */;
			projectDirPath = "";
			projectRoot = "";
			targets = (
				D850150527C8660000A47757 /* Today */,
				D850151B27C8660100A47757 /* TodayTests */,
				D850152527C8660100A47757 /* TodayUITests */,
			);
		};
/* End PBXProject section */

/* Begin PBXResourcesBuildPhase section */
		D850150427C8660000A47757 /* Resources */ = {
			isa = PBXResourcesBuildPhase;
			buildActionMask = 2147483647;
			files = (
				D850151627C8660000A47757 /* LaunchScreen.storyboard in Resources */,
				D850151327C8660000A47757 /* Assets.xcassets in Resources */,
				D850151127C8660000A47757 /* Main.storyboard in Resources */,
			);
			runOnlyForDeploymentPostprocessing = 0;
		};
		D850151A27C8660100A47757 /* Resources */ = {
			isa = PBXResourcesBuildPhase;
			buildActionMask = 2147483647;
			files = (
			);
			runOnlyForDeploymentPostprocessing = 0;
		};
		D850152427C8660100A47757 /* Resources */ = {
			isa = PBXResourcesBuildPhase;
			buildActionMask = 2147483647;
			files = (
			);
			runOnlyForDeploymentPostprocessing = 0;
		};
/* End PBXResourcesBuildPhase section */

/* Begin PBXSourcesBuildPhase section */
		D850150227C8660000A47757 /* Sources */ = {
			isa = PBXSourcesBuildPhase;
			buildActionMask = 2147483647;
			files = (
				D850154427CC94D800A47757 /* l_ReminderListDateSource.swift in Sources */,
				D850150E27C8660000A47757 /* l_ReminderListViewController.swift in Sources */,
				D850153E27C89D6D00A47757 /* l_ReminderListCell.swift in Sources */,
				D850150A27C8660000A47757 /* AppDelegate.swift in Sources */,
				D84D880D27D24200009B266B /* ReminderListViewController.swift in Sources */,
				D850154227CA2B3900A47757 /* l_ReminderDetailViewController.swift in Sources */,
				D850150C27C8660000A47757 /* SceneDelegate.swift in Sources */,
				D850153A27C8685000A47757 /* l_Reminder.swift in Sources */,
				D850155E27D10C7F00A47757 /* Reminder.swift in Sources */,
			);
			runOnlyForDeploymentPostprocessing = 0;
		};
		D850151827C8660100A47757 /* Sources */ = {
			isa = PBXSourcesBuildPhase;
			buildActionMask = 2147483647;
			files = (
				D850152127C8660100A47757 /* TodayTests.swift in Sources */,
			);
			runOnlyForDeploymentPostprocessing = 0;
		};
		D850152227C8660100A47757 /* Sources */ = {
			isa = PBXSourcesBuildPhase;
			buildActionMask = 2147483647;
			files = (
				D850152D27C8660100A47757 /* TodayUITestsLaunchTests.swift in Sources */,
				D850152B27C8660100A47757 /* TodayUITests.swift in Sources */,
			);
			runOnlyForDeploymentPostprocessing = 0;
		};
/* End PBXSourcesBuildPhase section */

/* Begin PBXTargetDependency section */
		D850151E27C8660100A47757 /* PBXTargetDependency */ = {
			isa = PBXTargetDependency;
			target = D850150527C8660000A47757 /* Today */;
			targetProxy = D850151D27C8660100A47757 /* PBXContainerItemProxy */;
		};
		D850152827C8660100A47757 /* PBXTargetDependency */ = {
			isa = PBXTargetDependency;
			target = D850150527C8660000A47757 /* Today */;
			targetProxy = D850152727C8660100A47757 /* PBXContainerItemProxy */;
		};
/* End PBXTargetDependency section */

/* Begin PBXVariantGroup section */
		D850150F27C8660000A47757 /* Main.storyboard */ = {
			isa = PBXVariantGroup;
			children = (
				D850151027C8660000A47757 /* Base */,
			);
			name = Main.storyboard;
			sourceTree = "<group>";
		};
		D850151427C8660000A47757 /* LaunchScreen.storyboard */ = {
			isa = PBXVariantGroup;
			children = (
				D850151527C8660000A47757 /* Base */,
			);
			name = LaunchScreen.storyboard;
			sourceTree = "<group>";
		};
/* End PBXVariantGroup section */

/* Begin XCBuildConfiguration section */
		D850152E27C8660100A47757 /* Debug */ = {
			isa = XCBuildConfiguration;
			buildSettings = {
				ALWAYS_SEARCH_USER_PATHS = NO;
				CLANG_ANALYZER_NONNULL = YES;
				CLANG_ANALYZER_NUMBER_OBJECT_CONVERSION = YES_AGGRESSIVE;
				CLANG_CXX_LANGUAGE_STANDARD = "gnu++17";
				CLANG_CXX_LIBRARY = "libc++";
				CLANG_ENABLE_MODULES = YES;
				CLANG_ENABLE_OBJC_ARC = YES;
				CLANG_ENABLE_OBJC_WEAK = YES;
				CLANG_WARN_BLOCK_CAPTURE_AUTORELEASING = YES;
				CLANG_WARN_BOOL_CONVERSION = YES;
				CLANG_WARN_COMMA = YES;
				CLANG_WARN_CONSTANT_CONVERSION = YES;
				CLANG_WARN_DEPRECATED_OBJC_IMPLEMENTATIONS = YES;
				CLANG_WARN_DIRECT_OBJC_ISA_USAGE = YES_ERROR;
				CLANG_WARN_DOCUMENTATION_COMMENTS = YES;
				CLANG_WARN_EMPTY_BODY = YES;
				CLANG_WARN_ENUM_CONVERSION = YES;
				CLANG_WARN_INFINITE_RECURSION = YES;
				CLANG_WARN_INT_CONVERSION = YES;
				CLANG_WARN_NON_LITERAL_NULL_CONVERSION = YES;
				CLANG_WARN_OBJC_IMPLICIT_RETAIN_SELF = YES;
				CLANG_WARN_OBJC_LITERAL_CONVERSION = YES;
				CLANG_WARN_OBJC_ROOT_CLASS = YES_ERROR;
				CLANG_WARN_QUOTED_INCLUDE_IN_FRAMEWORK_HEADER = YES;
				CLANG_WARN_RANGE_LOOP_ANALYSIS = YES;
				CLANG_WARN_STRICT_PROTOTYPES = YES;
				CLANG_WARN_SUSPICIOUS_MOVE = YES;
				CLANG_WARN_UNGUARDED_AVAILABILITY = YES_AGGRESSIVE;
				CLANG_WARN_UNREACHABLE_CODE = YES;
				CLANG_WARN__DUPLICATE_METHOD_MATCH = YES;
				COPY_PHASE_STRIP = NO;
				DEBUG_INFORMATION_FORMAT = dwarf;
				ENABLE_STRICT_OBJC_MSGSEND = YES;
				ENABLE_TESTABILITY = YES;
				GCC_C_LANGUAGE_STANDARD = gnu11;
				GCC_DYNAMIC_NO_PIC = NO;
				GCC_NO_COMMON_BLOCKS = YES;
				GCC_OPTIMIZATION_LEVEL = 0;
				GCC_PREPROCESSOR_DEFINITIONS = (
					"DEBUG=1",
					"$(inherited)",
				);
				GCC_WARN_64_TO_32_BIT_CONVERSION = YES;
				GCC_WARN_ABOUT_RETURN_TYPE = YES_ERROR;
				GCC_WARN_UNDECLARED_SELECTOR = YES;
				GCC_WARN_UNINITIALIZED_AUTOS = YES_AGGRESSIVE;
				GCC_WARN_UNUSED_FUNCTION = YES;
				GCC_WARN_UNUSED_VARIABLE = YES;
				IPHONEOS_DEPLOYMENT_TARGET = 15.0;
				MTL_ENABLE_DEBUG_INFO = INCLUDE_SOURCE;
				MTL_FAST_MATH = YES;
				ONLY_ACTIVE_ARCH = YES;
				SDKROOT = iphoneos;
				SWIFT_ACTIVE_COMPILATION_CONDITIONS = DEBUG;
				SWIFT_OPTIMIZATION_LEVEL = "-Onone";
			};
			name = Debug;
		};
		D850152F27C8660100A47757 /* Release */ = {
			isa = XCBuildConfiguration;
			buildSettings = {
				ALWAYS_SEARCH_USER_PATHS = NO;
				CLANG_ANALYZER_NONNULL = YES;
				CLANG_ANALYZER_NUMBER_OBJECT_CONVERSION = YES_AGGRESSIVE;
				CLANG_CXX_LANGUAGE_STANDARD = "gnu++17";
				CLANG_CXX_LIBRARY = "libc++";
				CLANG_ENABLE_MODULES = YES;
				CLANG_ENABLE_OBJC_ARC = YES;
				CLANG_ENABLE_OBJC_WEAK = YES;
				CLANG_WARN_BLOCK_CAPTURE_AUTORELEASING = YES;
				CLANG_WARN_BOOL_CONVERSION = YES;
				CLANG_WARN_COMMA = YES;
				CLANG_WARN_CONSTANT_CONVERSION = YES;
				CLANG_WARN_DEPRECATED_OBJC_IMPLEMENTATIONS = YES;
				CLANG_WARN_DIRECT_OBJC_ISA_USAGE = YES_ERROR;
				CLANG_WARN_DOCUMENTATION_COMMENTS = YES;
				CLANG_WARN_EMPTY_BODY = YES;
				CLANG_WARN_ENUM_CONVERSION = YES;
				CLANG_WARN_INFINITE_RECURSION = YES;
				CLANG_WARN_INT_CONVERSION = YES;
				CLANG_WARN_NON_LITERAL_NULL_CONVERSION = YES;
				CLANG_WARN_OBJC_IMPLICIT_RETAIN_SELF = YES;
				CLANG_WARN_OBJC_LITERAL_CONVERSION = YES;
				CLANG_WARN_OBJC_ROOT_CLASS = YES_ERROR;
				CLANG_WARN_QUOTED_INCLUDE_IN_FRAMEWORK_HEADER = YES;
				CLANG_WARN_RANGE_LOOP_ANALYSIS = YES;
				CLANG_WARN_STRICT_PROTOTYPES = YES;
				CLANG_WARN_SUSPICIOUS_MOVE = YES;
				CLANG_WARN_UNGUARDED_AVAILABILITY = YES_AGGRESSIVE;
				CLANG_WARN_UNREACHABLE_CODE = YES;
				CLANG_WARN__DUPLICATE_METHOD_MATCH = YES;
				COPY_PHASE_STRIP = NO;
				DEBUG_INFORMATION_FORMAT = "dwarf-with-dsym";
				ENABLE_NS_ASSERTIONS = NO;
				ENABLE_STRICT_OBJC_MSGSEND = YES;
				GCC_C_LANGUAGE_STANDARD = gnu11;
				GCC_NO_COMMON_BLOCKS = YES;
				GCC_WARN_64_TO_32_BIT_CONVERSION = YES;
				GCC_WARN_ABOUT_RETURN_TYPE = YES_ERROR;
				GCC_WARN_UNDECLARED_SELECTOR = YES;
				GCC_WARN_UNINITIALIZED_AUTOS = YES_AGGRESSIVE;
				GCC_WARN_UNUSED_FUNCTION = YES;
				GCC_WARN_UNUSED_VARIABLE = YES;
				IPHONEOS_DEPLOYMENT_TARGET = 15.0;
				MTL_ENABLE_DEBUG_INFO = NO;
				MTL_FAST_MATH = YES;
				SDKROOT = iphoneos;
				SWIFT_COMPILATION_MODE = wholemodule;
				SWIFT_OPTIMIZATION_LEVEL = "-O";
				VALIDATE_PRODUCT = YES;
			};
			name = Release;
		};
		D850153127C8660100A47757 /* Debug */ = {
			isa = XCBuildConfiguration;
			buildSettings = {
				ASSETCATALOG_COMPILER_APPICON_NAME = AppIcon;
				ASSETCATALOG_COMPILER_GLOBAL_ACCENT_COLOR_NAME = AccentColor;
				CODE_SIGN_STYLE = Automatic;
				CURRENT_PROJECT_VERSION = 1;
				DEVELOPMENT_TEAM = SLD3XB8ML6;
				GENERATE_INFOPLIST_FILE = YES;
				INFOPLIST_FILE = Today/Info.plist;
				INFOPLIST_KEY_UIApplicationSupportsIndirectInputEvents = YES;
				INFOPLIST_KEY_UILaunchStoryboardName = LaunchScreen;
				INFOPLIST_KEY_UIMainStoryboardFile = Main;
				INFOPLIST_KEY_UISupportedInterfaceOrientations_iPad = "UIInterfaceOrientationPortrait UIInterfaceOrientationPortraitUpsideDown UIInterfaceOrientationLandscapeLeft UIInterfaceOrientationLandscapeRight";
				INFOPLIST_KEY_UISupportedInterfaceOrientations_iPhone = "UIInterfaceOrientationPortrait UIInterfaceOrientationLandscapeLeft UIInterfaceOrientationLandscapeRight";
				LD_RUNPATH_SEARCH_PATHS = (
					"$(inherited)",
					"@executable_path/Frameworks",
				);
				MARKETING_VERSION = 1.0;
				PRODUCT_BUNDLE_IDENTIFIER = neuli.Today;
				PRODUCT_NAME = "$(TARGET_NAME)";
				SWIFT_EMIT_LOC_STRINGS = YES;
				SWIFT_VERSION = 5.0;
				TARGETED_DEVICE_FAMILY = "1,2";
			};
			name = Debug;
		};
		D850153227C8660100A47757 /* Release */ = {
			isa = XCBuildConfiguration;
			buildSettings = {
				ASSETCATALOG_COMPILER_APPICON_NAME = AppIcon;
				ASSETCATALOG_COMPILER_GLOBAL_ACCENT_COLOR_NAME = AccentColor;
				CODE_SIGN_STYLE = Automatic;
				CURRENT_PROJECT_VERSION = 1;
				DEVELOPMENT_TEAM = SLD3XB8ML6;
				GENERATE_INFOPLIST_FILE = YES;
				INFOPLIST_FILE = Today/Info.plist;
				INFOPLIST_KEY_UIApplicationSupportsIndirectInputEvents = YES;
				INFOPLIST_KEY_UILaunchStoryboardName = LaunchScreen;
				INFOPLIST_KEY_UIMainStoryboardFile = Main;
				INFOPLIST_KEY_UISupportedInterfaceOrientations_iPad = "UIInterfaceOrientationPortrait UIInterfaceOrientationPortraitUpsideDown UIInterfaceOrientationLandscapeLeft UIInterfaceOrientationLandscapeRight";
				INFOPLIST_KEY_UISupportedInterfaceOrientations_iPhone = "UIInterfaceOrientationPortrait UIInterfaceOrientationLandscapeLeft UIInterfaceOrientationLandscapeRight";
				LD_RUNPATH_SEARCH_PATHS = (
					"$(inherited)",
					"@executable_path/Frameworks",
				);
				MARKETING_VERSION = 1.0;
				PRODUCT_BUNDLE_IDENTIFIER = neuli.Today;
				PRODUCT_NAME = "$(TARGET_NAME)";
				SWIFT_EMIT_LOC_STRINGS = YES;
				SWIFT_VERSION = 5.0;
				TARGETED_DEVICE_FAMILY = "1,2";
			};
			name = Release;
		};
		D850153427C8660100A47757 /* Debug */ = {
			isa = XCBuildConfiguration;
			buildSettings = {
				ALWAYS_EMBED_SWIFT_STANDARD_LIBRARIES = YES;
				BUNDLE_LOADER = "$(TEST_HOST)";
				CODE_SIGN_STYLE = Automatic;
				CURRENT_PROJECT_VERSION = 1;
				DEVELOPMENT_TEAM = SLD3XB8ML6;
				GENERATE_INFOPLIST_FILE = YES;
				IPHONEOS_DEPLOYMENT_TARGET = 15.0;
				LD_RUNPATH_SEARCH_PATHS = (
					"$(inherited)",
					"@executable_path/Frameworks",
					"@loader_path/Frameworks",
				);
				MARKETING_VERSION = 1.0;
				PRODUCT_BUNDLE_IDENTIFIER = neuli.TodayTests;
				PRODUCT_NAME = "$(TARGET_NAME)";
				SWIFT_EMIT_LOC_STRINGS = NO;
				SWIFT_VERSION = 5.0;
				TARGETED_DEVICE_FAMILY = "1,2";
				TEST_HOST = "$(BUILT_PRODUCTS_DIR)/Today.app/Today";
			};
			name = Debug;
		};
		D850153527C8660100A47757 /* Release */ = {
			isa = XCBuildConfiguration;
			buildSettings = {
				ALWAYS_EMBED_SWIFT_STANDARD_LIBRARIES = YES;
				BUNDLE_LOADER = "$(TEST_HOST)";
				CODE_SIGN_STYLE = Automatic;
				CURRENT_PROJECT_VERSION = 1;
				DEVELOPMENT_TEAM = SLD3XB8ML6;
				GENERATE_INFOPLIST_FILE = YES;
				IPHONEOS_DEPLOYMENT_TARGET = 15.0;
				LD_RUNPATH_SEARCH_PATHS = (
					"$(inherited)",
					"@executable_path/Frameworks",
					"@loader_path/Frameworks",
				);
				MARKETING_VERSION = 1.0;
				PRODUCT_BUNDLE_IDENTIFIER = neuli.TodayTests;
				PRODUCT_NAME = "$(TARGET_NAME)";
				SWIFT_EMIT_LOC_STRINGS = NO;
				SWIFT_VERSION = 5.0;
				TARGETED_DEVICE_FAMILY = "1,2";
				TEST_HOST = "$(BUILT_PRODUCTS_DIR)/Today.app/Today";
			};
			name = Release;
		};
		D850153727C8660100A47757 /* Debug */ = {
			isa = XCBuildConfiguration;
			buildSettings = {
				ALWAYS_EMBED_SWIFT_STANDARD_LIBRARIES = YES;
				CODE_SIGN_STYLE = Automatic;
				CURRENT_PROJECT_VERSION = 1;
				DEVELOPMENT_TEAM = SLD3XB8ML6;
				GENERATE_INFOPLIST_FILE = YES;
				LD_RUNPATH_SEARCH_PATHS = (
					"$(inherited)",
					"@executable_path/Frameworks",
					"@loader_path/Frameworks",
				);
				MARKETING_VERSION = 1.0;
				PRODUCT_BUNDLE_IDENTIFIER = neuli.TodayUITests;
				PRODUCT_NAME = "$(TARGET_NAME)";
				SWIFT_EMIT_LOC_STRINGS = NO;
				SWIFT_VERSION = 5.0;
				TARGETED_DEVICE_FAMILY = "1,2";
				TEST_TARGET_NAME = Today;
			};
			name = Debug;
		};
		D850153827C8660100A47757 /* Release */ = {
			isa = XCBuildConfiguration;
			buildSettings = {
				ALWAYS_EMBED_SWIFT_STANDARD_LIBRARIES = YES;
				CODE_SIGN_STYLE = Automatic;
				CURRENT_PROJECT_VERSION = 1;
				DEVELOPMENT_TEAM = SLD3XB8ML6;
				GENERATE_INFOPLIST_FILE = YES;
				LD_RUNPATH_SEARCH_PATHS = (
					"$(inherited)",
					"@executable_path/Frameworks",
					"@loader_path/Frameworks",
				);
				MARKETING_VERSION = 1.0;
				PRODUCT_BUNDLE_IDENTIFIER = neuli.TodayUITests;
				PRODUCT_NAME = "$(TARGET_NAME)";
				SWIFT_EMIT_LOC_STRINGS = NO;
				SWIFT_VERSION = 5.0;
				TARGETED_DEVICE_FAMILY = "1,2";
				TEST_TARGET_NAME = Today;
			};
			name = Release;
		};
/* End XCBuildConfiguration section */

/* Begin XCConfigurationList section */
		D850150127C8660000A47757 /* Build configuration list for PBXProject "Today" */ = {
			isa = XCConfigurationList;
			buildConfigurations = (
				D850152E27C8660100A47757 /* Debug */,
				D850152F27C8660100A47757 /* Release */,
			);
			defaultConfigurationIsVisible = 0;
			defaultConfigurationName = Release;
		};
		D850153027C8660100A47757 /* Build configuration list for PBXNativeTarget "Today" */ = {
			isa = XCConfigurationList;
			buildConfigurations = (
				D850153127C8660100A47757 /* Debug */,
				D850153227C8660100A47757 /* Release */,
			);
			defaultConfigurationIsVisible = 0;
			defaultConfigurationName = Release;
		};
		D850153327C8660100A47757 /* Build configuration list for PBXNativeTarget "TodayTests" */ = {
			isa = XCConfigurationList;
			buildConfigurations = (
				D850153427C8660100A47757 /* Debug */,
				D850153527C8660100A47757 /* Release */,
			);
			defaultConfigurationIsVisible = 0;
			defaultConfigurationName = Release;
		};
		D850153627C8660100A47757 /* Build configuration list for PBXNativeTarget "TodayUITests" */ = {
			isa = XCConfigurationList;
			buildConfigurations = (
				D850153727C8660100A47757 /* Debug */,
				D850153827C8660100A47757 /* Release */,
			);
			defaultConfigurationIsVisible = 0;
			defaultConfigurationName = Release;
		};
/* End XCConfigurationList section */
	};
	rootObject = D85014FE27C8660000A47757 /* Project object */;
}
